// !$*UTF8*$!
{
	archiveVersion = 1;
	classes = {
	};
	objectVersion = 46;
	objects = {

/* Begin PBXBuildFile section */
		7E345D81203E364700080453 /* AppDelegate.swift in Sources */ = {isa = PBXBuildFile; fileRef = 7E345D80203E364700080453 /* AppDelegate.swift */; };
		7E345D83203E364700080453 /* ViewController.swift in Sources */ = {isa = PBXBuildFile; fileRef = 7E345D82203E364700080453 /* ViewController.swift */; };
		7E345D86203E364700080453 /* Main.storyboard in Resources */ = {isa = PBXBuildFile; fileRef = 7E345D84203E364700080453 /* Main.storyboard */; };
		7E345D88203E364700080453 /* Assets.xcassets in Resources */ = {isa = PBXBuildFile; fileRef = 7E345D87203E364700080453 /* Assets.xcassets */; };
		7E345D8B203E364800080453 /* LaunchScreen.storyboard in Resources */ = {isa = PBXBuildFile; fileRef = 7E345D89203E364800080453 /* LaunchScreen.storyboard */; };
		7E345D96203E364800080453 /* CanvasTests.swift in Sources */ = {isa = PBXBuildFile; fileRef = 7E345D95203E364800080453 /* CanvasTests.swift */; };
		7E345DA1203E364800080453 /* CanvasUITests.swift in Sources */ = {isa = PBXBuildFile; fileRef = 7E345DA0203E364800080453 /* CanvasUITests.swift */; };
/* End PBXBuildFile section */

/* Begin PBXContainerItemProxy section */
		7E345D92203E364800080453 /* PBXContainerItemProxy */ = {
			isa = PBXContainerItemProxy;
			containerPortal = 7E345D75203E364700080453 /* Project object */;
			proxyType = 1;
			remoteGlobalIDString = 7E345D7C203E364700080453;
			remoteInfo = Canvas;
		};
		7E345D9D203E364800080453 /* PBXContainerItemProxy */ = {
			isa = PBXContainerItemProxy;
			containerPortal = 7E345D75203E364700080453 /* Project object */;
			proxyType = 1;
			remoteGlobalIDString = 7E345D7C203E364700080453;
			remoteInfo = Canvas;
		};
/* End PBXContainerItemProxy section */

/* Begin PBXFileReference section */
		7E345D7D203E364700080453 /* Canvas.app */ = {isa = PBXFileReference; explicitFileType = wrapper.application; includeInIndex = 0; path = Canvas.app; sourceTree = BUILT_PRODUCTS_DIR; };
		7E345D80203E364700080453 /* AppDelegate.swift */ = {isa = PBXFileReference; lastKnownFileType = sourcecode.swift; path = AppDelegate.swift; sourceTree = "<group>"; };
		7E345D82203E364700080453 /* ViewController.swift */ = {isa = PBXFileReference; lastKnownFileType = sourcecode.swift; path = ViewController.swift; sourceTree = "<group>"; };
		7E345D85203E364700080453 /* Base */ = {isa = PBXFileReference; lastKnownFileType = file.storyboard; name = Base; path = Base.lproj/Main.storyboard; sourceTree = "<group>"; };
		7E345D87203E364700080453 /* Assets.xcassets */ = {isa = PBXFileReference; lastKnownFileType = folder.assetcatalog; path = Assets.xcassets; sourceTree = "<group>"; };
		7E345D8A203E364800080453 /* Base */ = {isa = PBXFileReference; lastKnownFileType = file.storyboard; name = Base; path = Base.lproj/LaunchScreen.storyboard; sourceTree = "<group>"; };
		7E345D8C203E364800080453 /* Info.plist */ = {isa = PBXFileReference; lastKnownFileType = text.plist.xml; path = Info.plist; sourceTree = "<group>"; };
		7E345D91203E364800080453 /* CanvasTests.xctest */ = {isa = PBXFileReference; explicitFileType = wrapper.cfbundle; includeInIndex = 0; path = CanvasTests.xctest; sourceTree = BUILT_PRODUCTS_DIR; };
		7E345D95203E364800080453 /* CanvasTests.swift */ = {isa = PBXFileReference; lastKnownFileType = sourcecode.swift; path = CanvasTests.swift; sourceTree = "<group>"; };
		7E345D97203E364800080453 /* Info.plist */ = {isa = PBXFileReference; lastKnownFileType = text.plist.xml; path = Info.plist; sourceTree = "<group>"; };
		7E345D9C203E364800080453 /* CanvasUITests.xctest */ = {isa = PBXFileReference; explicitFileType = wrapper.cfbundle; includeInIndex = 0; path = CanvasUITests.xctest; sourceTree = BUILT_PRODUCTS_DIR; };
		7E345DA0203E364800080453 /* CanvasUITests.swift */ = {isa = PBXFileReference; lastKnownFileType = sourcecode.swift; path = CanvasUITests.swift; sourceTree = "<group>"; };
		7E345DA2203E364800080453 /* Info.plist */ = {isa = PBXFileReference; lastKnownFileType = text.plist.xml; path = Info.plist; sourceTree = "<group>"; };
/* End PBXFileReference section */

/* Begin PBXFrameworksBuildPhase section */
		7E345D7A203E364700080453 /* Frameworks */ = {
			isa = PBXFrameworksBuildPhase;
			buildActionMask = 2147483647;
			files = (
			);
			runOnlyForDeploymentPostprocessing = 0;
		};
		7E345D8E203E364800080453 /* Frameworks */ = {
			isa = PBXFrameworksBuildPhase;
			buildActionMask = 2147483647;
			files = (
			);
			runOnlyForDeploymentPostprocessing = 0;
		};
		7E345D99203E364800080453 /* Frameworks */ = {
			isa = PBXFrameworksBuildPhase;
			buildActionMask = 2147483647;
			files = (
			);
			runOnlyForDeploymentPostprocessing = 0;
		};
/* End PBXFrameworksBuildPhase section */

/* Begin PBXGroup section */
		7E345D74203E364700080453 = {
			isa = PBXGroup;
			children = (
				7E345D7F203E364700080453 /* Canvas */,
				7E345D94203E364800080453 /* CanvasTests */,
				7E345D9F203E364800080453 /* CanvasUITests */,
				7E345D7E203E364700080453 /* Products */,
			);
			sourceTree = "<group>";
		};
		7E345D7E203E364700080453 /* Products */ = {
			isa = PBXGroup;
			children = (
				7E345D7D203E364700080453 /* Canvas.app */,
				7E345D91203E364800080453 /* CanvasTests.xctest */,
				7E345D9C203E364800080453 /* CanvasUITests.xctest */,
			);
			name = Products;
			sourceTree = "<group>";
		};
		7E345D7F203E364700080453 /* Canvas */ = {
			isa = PBXGroup;
			children = (
				7E345D80203E364700080453 /* AppDelegate.swift */,
				7E345D82203E364700080453 /* ViewController.swift */,
				7E345D84203E364700080453 /* Main.storyboard */,
				7E345D87203E364700080453 /* Assets.xcassets */,
				7E345D89203E364800080453 /* LaunchScreen.storyboard */,
				7E345D8C203E364800080453 /* Info.plist */,
			);
			path = Canvas;
			sourceTree = "<group>";
		};
		7E345D94203E364800080453 /* CanvasTests */ = {
			isa = PBXGroup;
			children = (
				7E345D95203E364800080453 /* CanvasTests.swift */,
				7E345D97203E364800080453 /* Info.plist */,
			);
			path = CanvasTests;
			sourceTree = "<group>";
		};
		7E345D9F203E364800080453 /* CanvasUITests */ = {
			isa = PBXGroup;
			children = (
				7E345DA0203E364800080453 /* CanvasUITests.swift */,
				7E345DA2203E364800080453 /* Info.plist */,
			);
			path = CanvasUITests;
			sourceTree = "<group>";
		};
/* End PBXGroup section */

/* Begin PBXNativeTarget section */
		7E345D7C203E364700080453 /* Canvas */ = {
			isa = PBXNativeTarget;
			buildConfigurationList = 7E345DA5203E364800080453 /* Build configuration list for PBXNativeTarget "Canvas" */;
			buildPhases = (
				7E345D79203E364700080453 /* Sources */,
				7E345D7A203E364700080453 /* Frameworks */,
				7E345D7B203E364700080453 /* Resources */,
			);
			buildRules = (
			);
			dependencies = (
			);
			name = Canvas;
			productName = Canvas;
			productReference = 7E345D7D203E364700080453 /* Canvas.app */;
			productType = "com.apple.product-type.application";
		};
		7E345D90203E364800080453 /* CanvasTests */ = {
			isa = PBXNativeTarget;
			buildConfigurationList = 7E345DA8203E364800080453 /* Build configuration list for PBXNativeTarget "CanvasTests" */;
			buildPhases = (
				7E345D8D203E364800080453 /* Sources */,
				7E345D8E203E364800080453 /* Frameworks */,
				7E345D8F203E364800080453 /* Resources */,
			);
			buildRules = (
			);
			dependencies = (
				7E345D93203E364800080453 /* PBXTargetDependency */,
			);
			name = CanvasTests;
			productName = CanvasTests;
			productReference = 7E345D91203E364800080453 /* CanvasTests.xctest */;
			productType = "com.apple.product-type.bundle.unit-test";
		};
		7E345D9B203E364800080453 /* CanvasUITests */ = {
			isa = PBXNativeTarget;
			buildConfigurationList = 7E345DAB203E364800080453 /* Build configuration list for PBXNativeTarget "CanvasUITests" */;
			buildPhases = (
				7E345D98203E364800080453 /* Sources */,
				7E345D99203E364800080453 /* Frameworks */,
				7E345D9A203E364800080453 /* Resources */,
			);
			buildRules = (
			);
			dependencies = (
				7E345D9E203E364800080453 /* PBXTargetDependency */,
			);
			name = CanvasUITests;
			productName = CanvasUITests;
			productReference = 7E345D9C203E364800080453 /* CanvasUITests.xctest */;
			productType = "com.apple.product-type.bundle.ui-testing";
		};
/* End PBXNativeTarget section */

/* Begin PBXProject section */
		7E345D75203E364700080453 /* Project object */ = {
			isa = PBXProject;
			attributes = {
				LastSwiftUpdateCheck = 0830;
				LastUpgradeCheck = 0830;
				ORGANIZATIONNAME = "Rohan Gupta";
				TargetAttributes = {
					7E345D7C203E364700080453 = {
						CreatedOnToolsVersion = 8.3.2;
						DevelopmentTeam = 7UKB592U89;
						ProvisioningStyle = Automatic;
					};
					7E345D90203E364800080453 = {
						CreatedOnToolsVersion = 8.3.2;
						DevelopmentTeam = 7UKB592U89;
						ProvisioningStyle = Automatic;
						TestTargetID = 7E345D7C203E364700080453;
					};
					7E345D9B203E364800080453 = {
						CreatedOnToolsVersion = 8.3.2;
						DevelopmentTeam = 7UKB592U89;
						ProvisioningStyle = Automatic;
						TestTargetID = 7E345D7C203E364700080453;
					};
				};
			};
			buildConfigurationList = 7E345D78203E364700080453 /* Build configuration list for PBXProject "Canvas" */;
			compatibilityVersion = "Xcode 3.2";
			developmentRegion = English;
			hasScannedForEncodings = 0;
			knownRegions = (
				en,
				Base,
			);
			mainGroup = 7E345D74203E364700080453;
			productRefGroup = 7E345D7E203E364700080453 /* Products */;
			projectDirPath = "";
			projectRoot = "";
			targets = (
				7E345D7C203E364700080453 /* Canvas */,
				7E345D90203E364800080453 /* CanvasTests */,
				7E345D9B203E364800080453 /* CanvasUITests */,
			);
		};
/* End PBXProject section */

/* Begin PBXResourcesBuildPhase section */
		7E345D7B203E364700080453 /* Resources */ = {
			isa = PBXResourcesBuildPhase;
			buildActionMask = 2147483647;
			files = (
				7E345D8B203E364800080453 /* LaunchScreen.storyboard in Resources */,
				7E345D88203E364700080453 /* Assets.xcassets in Resources */,
				7E345D86203E364700080453 /* Main.storyboard in Resources */,
			);
			runOnlyForDeploymentPostprocessing = 0;
		};
		7E345D8F203E364800080453 /* Resources */ = {
			isa = PBXResourcesBuildPhase;
			buildActionMask = 2147483647;
			files = (
			);
			runOnlyForDeploymentPostprocessing = 0;
		};
		7E345D9A203E364800080453 /* Resources */ = {
			isa = PBXResourcesBuildPhase;
			buildActionMask = 2147483647;
			files = (
			);
			runOnlyForDeploymentPostprocessing = 0;
		};
/* End PBXResourcesBuildPhase section */

/* Begin PBXSourcesBuildPhase section */
		7E345D79203E364700080453 /* Sources */ = {
			isa = PBXSourcesBuildPhase;
			buildActionMask = 2147483647;
			files = (
				7E345D83203E364700080453 /* ViewController.swift in Sources */,
				7E345D81203E364700080453 /* AppDelegate.swift in Sources */,
			);
			runOnlyForDeploymentPostprocessing = 0;
		};
		7E345D8D203E364800080453 /* Sources */ = {
			isa = PBXSourcesBuildPhase;
			buildActionMask = 2147483647;
			files = (
				7E345D96203E364800080453 /* CanvasTests.swift in Sources */,
			);
			runOnlyForDeploymentPostprocessing = 0;
		};
		7E345D98203E364800080453 /* Sources */ = {
			isa = PBXSourcesBuildPhase;
			buildActionMask = 2147483647;
			files = (
				7E345DA1203E364800080453 /* CanvasUITests.swift in Sources */,
			);
			runOnlyForDeploymentPostprocessing = 0;
		};
/* End PBXSourcesBuildPhase section */

/* Begin PBXTargetDependency section */
		7E345D93203E364800080453 /* PBXTargetDependency */ = {
			isa = PBXTargetDependency;
			target = 7E345D7C203E364700080453 /* Canvas */;
			targetProxy = 7E345D92203E364800080453 /* PBXContainerItemProxy */;
		};
		7E345D9E203E364800080453 /* PBXTargetDependency */ = {
			isa = PBXTargetDependency;
			target = 7E345D7C203E364700080453 /* Canvas */;
			targetProxy = 7E345D9D203E364800080453 /* PBXContainerItemProxy */;
		};
/* End PBXTargetDependency section */

/* Begin PBXVariantGroup section */
		7E345D84203E364700080453 /* Main.storyboard */ = {
			isa = PBXVariantGroup;
			children = (
				7E345D85203E364700080453 /* Base */,
			);
			name = Main.storyboard;
			sourceTree = "<group>";
		};
		7E345D89203E364800080453 /* LaunchScreen.storyboard */ = {
			isa = PBXVariantGroup;
			children = (
				7E345D8A203E364800080453 /* Base */,
			);
			name = LaunchScreen.storyboard;
			sourceTree = "<group>";
		};
/* End PBXVariantGroup section */

/* Begin XCBuildConfiguration section */
		7E345DA3203E364800080453 /* Debug */ = {
			isa = XCBuildConfiguration;
			buildSettings = {
				ALWAYS_SEARCH_USER_PATHS = NO;
				CLANG_ANALYZER_NONNULL = YES;
				CLANG_ANALYZER_NUMBER_OBJECT_CONVERSION = YES_AGGRESSIVE;
				CLANG_CXX_LANGUAGE_STANDARD = "gnu++0x";
				CLANG_CXX_LIBRARY = "libc++";
				CLANG_ENABLE_MODULES = YES;
				CLANG_ENABLE_OBJC_ARC = YES;
				CLANG_WARN_BOOL_CONVERSION = YES;
				CLANG_WARN_CONSTANT_CONVERSION = YES;
				CLANG_WARN_DIRECT_OBJC_ISA_USAGE = YES_ERROR;
				CLANG_WARN_DOCUMENTATION_COMMENTS = YES;
				CLANG_WARN_EMPTY_BODY = YES;
				CLANG_WARN_ENUM_CONVERSION = YES;
				CLANG_WARN_INFINITE_RECURSION = YES;
				CLANG_WARN_INT_CONVERSION = YES;
				CLANG_WARN_OBJC_ROOT_CLASS = YES_ERROR;
				CLANG_WARN_SUSPICIOUS_MOVE = YES;
				CLANG_WARN_UNREACHABLE_CODE = YES;
				CLANG_WARN__DUPLICATE_METHOD_MATCH = YES;
				"CODE_SIGN_IDENTITY[sdk=iphoneos*]" = "iPhone Developer";
				COPY_PHASE_STRIP = NO;
				DEBUG_INFORMATION_FORMAT = dwarf;
				ENABLE_STRICT_OBJC_MSGSEND = YES;
				ENABLE_TESTABILITY = YES;
				GCC_C_LANGUAGE_STANDARD = gnu99;
				GCC_DYNAMIC_NO_PIC = NO;
				GCC_NO_COMMON_BLOCKS = YES;
				GCC_OPTIMIZATION_LEVEL = 0;
				GCC_PREPROCESSOR_DEFINITIONS = (
					"DEBUG=1",
					"$(inherited)",
				);
				GCC_WARN_64_TO_32_BIT_CONVERSION = YES;
				GCC_WARN_ABOUT_RETURN_TYPE = YES_ERROR;
				GCC_WARN_UNDECLARED_SELECTOR = YES;
				GCC_WARN_UNINITIALIZED_AUTOS = YES_AGGRESSIVE;
				GCC_WARN_UNUSED_FUNCTION = YES;
				GCC_WARN_UNUSED_VARIABLE = YES;
				IPHONEOS_DEPLOYMENT_TARGET = 10.3;
				MTL_ENABLE_DEBUG_INFO = YES;
				ONLY_ACTIVE_ARCH = YES;
				SDKROOT = iphoneos;
				SWIFT_ACTIVE_COMPILATION_CONDITIONS = DEBUG;
				SWIFT_OPTIMIZATION_LEVEL = "-Onone";
			};
			name = Debug;
		};
		7E345DA4203E364800080453 /* Release */ = {
			isa = XCBuildConfiguration;
			buildSettings = {
				ALWAYS_SEARCH_USER_PATHS = NO;
				CLANG_ANALYZER_NONNULL = YES;
				CLANG_ANALYZER_NUMBER_OBJECT_CONVERSION = YES_AGGRESSIVE;
				CLANG_CXX_LANGUAGE_STANDARD = "gnu++0x";
				CLANG_CXX_LIBRARY = "libc++";
				CLANG_ENABLE_MODULES = YES;
				CLANG_ENABLE_OBJC_ARC = YES;
				CLANG_WARN_BOOL_CONVERSION = YES;
				CLANG_WARN_CONSTANT_CONVERSION = YES;
				CLANG_WARN_DIRECT_OBJC_ISA_USAGE = YES_ERROR;
				CLANG_WARN_DOCUMENTATION_COMMENTS = YES;
				CLANG_WARN_EMPTY_BODY = YES;
				CLANG_WARN_ENUM_CONVERSION = YES;
				CLANG_WARN_INFINITE_RECURSION = YES;
				CLANG_WARN_INT_CONVERSION = YES;
				CLANG_WARN_OBJC_ROOT_CLASS = YES_ERROR;
				CLANG_WARN_SUSPICIOUS_MOVE = YES;
				CLANG_WARN_UNREACHABLE_CODE = YES;
				CLANG_WARN__DUPLICATE_METHOD_MATCH = YES;
				"CODE_SIGN_IDENTITY[sdk=iphoneos*]" = "iPhone Developer";
				COPY_PHASE_STRIP = NO;
				DEBUG_INFORMATION_FORMAT = "dwarf-with-dsym";
				ENABLE_NS_ASSERTIONS = NO;
				ENABLE_STRICT_OBJC_MSGSEND = YES;
				GCC_C_LANGUAGE_STANDARD = gnu99;
				GCC_NO_COMMON_BLOCKS = YES;
				GCC_WARN_64_TO_32_BIT_CONVERSION = YES;
				GCC_WARN_ABOUT_RETURN_TYPE = YES_ERROR;
				GCC_WARN_UNDECLARED_SELECTOR = YES;
				GCC_WARN_UNINITIALIZED_AUTOS = YES_AGGRESSIVE;
				GCC_WARN_UNUSED_FUNCTION = YES;
				GCC_WARN_UNUSED_VARIABLE = YES;
				IPHONEOS_DEPLOYMENT_TARGET = 10.3;
				MTL_ENABLE_DEBUG_INFO = NO;
				SDKROOT = iphoneos;
				SWIFT_OPTIMIZATION_LEVEL = "-Owholemodule";
				VALIDATE_PRODUCT = YES;
			};
			name = Release;
		};
		7E345DA6203E364800080453 /* Debug */ = {
			isa = XCBuildConfiguration;
			buildSettings = {
				ASSETCATALOG_COMPILER_APPICON_NAME = AppIcon;
				DEVELOPMENT_TEAM = 7UKB592U89;
				INFOPLIST_FILE = Canvas/Info.plist;
				LD_RUNPATH_SEARCH_PATHS = "$(inherited) @executable_path/Frameworks";
				PRODUCT_BUNDLE_IDENTIFIER = Test.Canvas;
				PRODUCT_NAME = "$(TARGET_NAME)";
				SWIFT_VERSION = 3.0;
			};
			name = Debug;
		};
		7E345DA7203E364800080453 /* Release */ = {
			isa = XCBuildConfiguration;
			buildSettings = {
				ASSETCATALOG_COMPILER_APPICON_NAME = AppIcon;
				DEVELOPMENT_TEAM = 7UKB592U89;
				INFOPLIST_FILE = Canvas/Info.plist;
				LD_RUNPATH_SEARCH_PATHS = "$(inherited) @executable_path/Frameworks";
				PRODUCT_BUNDLE_IDENTIFIER = Test.Canvas;
				PRODUCT_NAME = "$(TARGET_NAME)";
				SWIFT_VERSION = 3.0;
			};
			name = Release;
		};
		7E345DA9203E364800080453 /* Debug */ = {
			isa = XCBuildConfiguration;
			buildSettings = {
				ALWAYS_EMBED_SWIFT_STANDARD_LIBRARIES = YES;
				BUNDLE_LOADER = "$(TEST_HOST)";
				DEVELOPMENT_TEAM = 7UKB592U89;
				INFOPLIST_FILE = CanvasTests/Info.plist;
				LD_RUNPATH_SEARCH_PATHS = "$(inherited) @executable_path/Frameworks @loader_path/Frameworks";
				PRODUCT_BUNDLE_IDENTIFIER = Test.CanvasTests;
				PRODUCT_NAME = "$(TARGET_NAME)";
				SWIFT_VERSION = 3.0;
				TEST_HOST = "$(BUILT_PRODUCTS_DIR)/Canvas.app/Canvas";
			};
			name = Debug;
		};
		7E345DAA203E364800080453 /* Release */ = {
			isa = XCBuildConfiguration;
			buildSettings = {
				ALWAYS_EMBED_SWIFT_STANDARD_LIBRARIES = YES;
				BUNDLE_LOADER = "$(TEST_HOST)";
				DEVELOPMENT_TEAM = 7UKB592U89;
				INFOPLIST_FILE = CanvasTests/Info.plist;
				LD_RUNPATH_SEARCH_PATHS = "$(inherited) @executable_path/Frameworks @loader_path/Frameworks";
				PRODUCT_BUNDLE_IDENTIFIER = Test.CanvasTests;
				PRODUCT_NAME = "$(TARGET_NAME)";
				SWIFT_VERSION = 3.0;
				TEST_HOST = "$(BUILT_PRODUCTS_DIR)/Canvas.app/Canvas";
			};
			name = Release;
		};
		7E345DAC203E364800080453 /* Debug */ = {
			isa = XCBuildConfiguration;
			buildSettings = {
				ALWAYS_EMBED_SWIFT_STANDARD_LIBRARIES = YES;
				DEVELOPMENT_TEAM = 7UKB592U89;
				INFOPLIST_FILE = CanvasUITests/Info.plist;
				LD_RUNPATH_SEARCH_PATHS = "$(inherited) @executable_path/Frameworks @loader_path/Frameworks";
				PRODUCT_BUNDLE_IDENTIFIER = Test.CanvasUITests;
				PRODUCT_NAME = "$(TARGET_NAME)";
				SWIFT_VERSION = 3.0;
				TEST_TARGET_NAME = Canvas;
			};
			name = Debug;
		};
		7E345DAD203E364800080453 /* Release */ = {
			isa = XCBuildConfiguration;
			buildSettings = {
				ALWAYS_EMBED_SWIFT_STANDARD_LIBRARIES = YES;
				DEVELOPMENT_TEAM = 7UKB592U89;
				INFOPLIST_FILE = CanvasUITests/Info.plist;
				LD_RUNPATH_SEARCH_PATHS = "$(inherited) @executable_path/Frameworks @loader_path/Frameworks";
				PRODUCT_BUNDLE_IDENTIFIER = Test.CanvasUITests;
				PRODUCT_NAME = "$(TARGET_NAME)";
				SWIFT_VERSION = 3.0;
				TEST_TARGET_NAME = Canvas;
			};
			name = Release;
		};
/* End XCBuildConfiguration section */

/* Begin XCConfigurationList section */
		7E345D78203E364700080453 /* Build configuration list for PBXProject "Canvas" */ = {
			isa = XCConfigurationList;
			buildConfigurations = (
				7E345DA3203E364800080453 /* Debug */,
				7E345DA4203E364800080453 /* Release */,
			);
			defaultConfigurationIsVisible = 0;
			defaultConfigurationName = Release;
		};
		7E345DA5203E364800080453 /* Build configuration list for PBXNativeTarget "Canvas" */ = {
			isa = XCConfigurationList;
			buildConfigurations = (
				7E345DA6203E364800080453 /* Debug */,
				7E345DA7203E364800080453 /* Release */,
			);
			defaultConfigurationIsVisible = 0;
		};
		7E345DA8203E364800080453 /* Build configuration list for PBXNativeTarget "CanvasTests" */ = {
			isa = XCConfigurationList;
			buildConfigurations = (
				7E345DA9203E364800080453 /* Debug */,
				7E345DAA203E364800080453 /* Release */,
			);
			defaultConfigurationIsVisible = 0;
		};
		7E345DAB203E364800080453 /* Build configuration list for PBXNativeTarget "CanvasUITests" */ = {
			isa = XCConfigurationList;
			buildConfigurations = (
				7E345DAC203E364800080453 /* Debug */,
				7E345DAD203E364800080453 /* Release */,
			);
			defaultConfigurationIsVisible = 0;
		};
/* End XCConfigurationList section */
	};
	rootObject = 7E345D75203E364700080453 /* Project object */;
}
